
Microsoft Visual Studio Solution File, Format Version 12.00
# Visual Studio Version 17
VisualStudioVersion = 17.8.34525.116
MinimumVisualStudioVersion = 10.0.40219.1
Project("{9A19103F-16F7-4668-BE54-9A1E7A4F7556}") = "NSM.FORMS", "NSM.FORMS\NSM.FORMS.csproj", "{8A4D0063-2E4A-4448-A1A2-0346A0148CE3}"
EndProject
Project("{9A19103F-16F7-4668-BE54-9A1E7A4F7556}") = "NSM.SERVER", "NSM.SERVER\NSM.SERVER.csproj", "{B450523F-37E2-42ED-9D77-2875C8C2ABE8}"
EndProject
Project("{9A19103F-16F7-4668-BE54-9A1E7A4F7556}") = "NSM.TEST", "NSM.TEST\NSM.TEST.csproj", "{49D07C1D-46E8-4801-A099-2EF3AFEE2FCB}"
EndProject
Project("{9A19103F-16F7-4668-BE54-9A1E7A4F7556}") = "NSM.COMMON", "NSM.COMMON\NSM.COMMON.csproj", "{E46E2A7F-956F-4EA4-85DE-7F94DE23C6C1}"
EndProject
Global
	GlobalSection(SolutionConfigurationPlatforms) = preSolution
		Debug|Any CPU = Debug|Any CPU
		Debug|x86 = Debug|x86
		Release|Any CPU = Release|Any CPU
		Release|x86 = Release|x86
	EndGlobalSection
	GlobalSection(ProjectConfigurationPlatforms) = postSolution
		{8A4D0063-2E4A-4448-A1A2-0346A0148CE3}.Debug|Any CPU.ActiveCfg = Debug|Any CPU
		{8A4D0063-2E4A-4448-A1A2-0346A0148CE3}.Debug|Any CPU.Build.0 = Debug|Any CPU
		{8A4D0063-2E4A-4448-A1A2-0346A0148CE3}.Debug|x86.ActiveCfg = Debug|x86
		{8A4D0063-2E4A-4448-A1A2-0346A0148CE3}.Debug|x86.Build.0 = Debug|x86
		{8A4D0063-2E4A-4448-A1A2-0346A0148CE3}.Release|Any CPU.ActiveCfg = Release|Any CPU
		{8A4D0063-2E4A-4448-A1A2-0346A0148CE3}.Release|Any CPU.Build.0 = Release|Any CPU
		{8A4D0063-2E4A-4448-A1A2-0346A0148CE3}.Release|x86.ActiveCfg = Release|x86
		{8A4D0063-2E4A-4448-A1A2-0346A0148CE3}.Release|x86.Build.0 = Release|x86
		{B450523F-37E2-42ED-9D77-2875C8C2ABE8}.Debug|Any CPU.ActiveCfg = Debug|Any CPU
		{B450523F-37E2-42ED-9D77-2875C8C2ABE8}.Debug|Any CPU.Build.0 = Debug|Any CPU
		{B450523F-37E2-42ED-9D77-2875C8C2ABE8}.Debug|x86.ActiveCfg = Debug|x86
		{B450523F-37E2-42ED-9D77-2875C8C2ABE8}.Debug|x86.Build.0 = Debug|x86
		{B450523F-37E2-42ED-9D77-2875C8C2ABE8}.Release|Any CPU.ActiveCfg = Release|Any CPU
		{B450523F-37E2-42ED-9D77-2875C8C2ABE8}.Release|Any CPU.Build.0 = Release|Any CPU
		{B450523F-37E2-42ED-9D77-2875C8C2ABE8}.Release|x86.ActiveCfg = Release|x86
		{B450523F-37E2-42ED-9D77-2875C8C2ABE8}.Release|x86.Build.0 = Release|x86
		{49D07C1D-46E8-4801-A099-2EF3AFEE2FCB}.Debug|Any CPU.ActiveCfg = Debug|Any CPU
		{49D07C1D-46E8-4801-A099-2EF3AFEE2FCB}.Debug|Any CPU.Build.0 = Debug|Any CPU
		{49D07C1D-46E8-4801-A099-2EF3AFEE2FCB}.Debug|x86.ActiveCfg = Debug|x86
		{49D07C1D-46E8-4801-A099-2EF3AFEE2FCB}.Debug|x86.Build.0 = Debug|x86
		{49D07C1D-46E8-4801-A099-2EF3AFEE2FCB}.Release|Any CPU.ActiveCfg = Release|Any CPU
		{49D07C1D-46E8-4801-A099-2EF3AFEE2FCB}.Release|Any CPU.Build.0 = Release|Any CPU
		{49D07C1D-46E8-4801-A099-2EF3AFEE2FCB}.Release|x86.ActiveCfg = Release|x86
		{49D07C1D-46E8-4801-A099-2EF3AFEE2FCB}.Release|x86.Build.0 = Release|x86
		{E46E2A7F-956F-4EA4-85DE-7F94DE23C6C1}.Debug|Any CPU.ActiveCfg = Debug|Any CPU
		{E46E2A7F-956F-4EA4-85DE-7F94DE23C6C1}.Debug|Any CPU.Build.0 = Debug|Any CPU
		{E46E2A7F-956F-4EA4-85DE-7F94DE23C6C1}.Debug|x86.ActiveCfg = Debug|x86
		{E46E2A7F-956F-4EA4-85DE-7F94DE23C6C1}.Debug|x86.Build.0 = Debug|x86
		{E46E2A7F-956F-4EA4-85DE-7F94DE23C6C1}.Release|Any CPU.ActiveCfg = Release|Any CPU
		{E46E2A7F-956F-4EA4-85DE-7F94DE23C6C1}.Release|Any CPU.Build.0 = Release|Any CPU
		{E46E2A7F-956F-4EA4-85DE-7F94DE23C6C1}.Release|x86.ActiveCfg = Release|x86
		{E46E2A7F-956F-4EA4-85DE-7F94DE23C6C1}.Release|x86.Build.0 = Release|x86
	EndGlobalSection
	GlobalSection(SolutionProperties) = preSolution
		HideSolutionNode = FALSE
	EndGlobalSection
	GlobalSection(ExtensibilityGlobals) = postSolution
		SolutionGuid = {8EDA8B68-4F11-414D-898B-42EB0D21AC02}
	EndGlobalSection
EndGlobal
