
Microsoft Visual Studio Solution File, Format Version 12.00
# Visual Studio Version 17
VisualStudioVersion = 17.8.34525.116
MinimumVisualStudioVersion = 10.0.40219.1
Project("{9A19103F-16F7-4668-BE54-9A1E7A4F7556}") = "NSM.FORMS", "NSM.FORMS\NSM.FORMS.csproj", "{8A4D0063-2E4A-4448-A1A2-0346A0148CE3}"
EndProject
Project("{9A19103F-16F7-4668-BE54-9A1E7A4F7556}") = "NSM.SERVER", "NSM.SERVER\NSM.SERVER.csproj", "{B450523F-37E2-42ED-9D77-2875C8C2ABE8}"
EndProject
Global
	GlobalSection(SolutionConfigurationPlatforms) = preSolution
		Debug|Any CPU = Debug|Any CPU
		Release|Any CPU = Release|Any CPU
	EndGlobalSection
	GlobalSection(ProjectConfigurationPlatforms) = postSolution
		{8A4D0063-2E4A-4448-A1A2-0346A0148CE3}.Debug|Any CPU.ActiveCfg = Debug|Any CPU
		{8A4D0063-2E4A-4448-A1A2-0346A0148CE3}.Debug|Any CPU.Build.0 = Debug|Any CPU
		{8A4D0063-2E4A-4448-A1A2-0346A0148CE3}.Release|Any CPU.ActiveCfg = Release|Any CPU
		{8A4D0063-2E4A-4448-A1A2-0346A0148CE3}.Release|Any CPU.Build.0 = Release|Any CPU
		{B450523F-37E2-42ED-9D77-2875C8C2ABE8}.Debug|Any CPU.ActiveCfg = Debug|Any CPU
		{B450523F-37E2-42ED-9D77-2875C8C2ABE8}.Debug|Any CPU.Build.0 = Debug|Any CPU
		{B450523F-37E2-42ED-9D77-2875C8C2ABE8}.Release|Any CPU.ActiveCfg = Release|Any CPU
		{B450523F-37E2-42ED-9D77-2875C8C2ABE8}.Release|Any CPU.Build.0 = Release|Any CPU
	EndGlobalSection
	GlobalSection(SolutionProperties) = preSolution
		HideSolutionNode = FALSE
	EndGlobalSection
	GlobalSection(ExtensibilityGlobals) = postSolution
		SolutionGuid = {8EDA8B68-4F11-414D-898B-42EB0D21AC02}
	EndGlobalSection
EndGlobal
